
Microsoft Visual Studio Solution File, Format Version 11.00
# Visual C++ Express 2010
Project("{8BC9CEB8-8B4A-11D0-8D11-00A0C91BC942}") = "Tut01", "LearnOpenGL\LearnOpenGL.vcxproj", "{E9DB651B-638D-4A34-80DC-6DF92B131AA0}"
EndProject
Project("{8BC9CEB8-8B4A-11D0-8D11-00A0C91BC942}") = "Tut01_Interlude", "Tut01_Interlude\Tut01_Interlude.vcxproj", "{DC19981D-66B9-41D3-AF9E-22E1DE8860AF}"
	ProjectSection(ProjectDependencies) = postProject
		{EE702804-925A-481F-9DB7-3501371D1B08} = {EE702804-925A-481F-9DB7-3501371D1B08}
	EndProjectSection
EndProject
Project("{8BC9CEB8-8B4A-11D0-8D11-00A0C91BC942}") = "OpenGLHelper", "OpenGLHelper\OpenGLHelper.vcxproj", "{EE702804-925A-481F-9DB7-3501371D1B08}"
EndProject
Project("{8BC9CEB8-8B4A-11D0-8D11-00A0C91BC942}") = "Tut03", "Tut03\Tut03.vcxproj", "{18834CB7-E696-4574-9948-AB4BEA07A3A1}"
	ProjectSection(ProjectDependencies) = postProject
		{EE702804-925A-481F-9DB7-3501371D1B08} = {EE702804-925A-481F-9DB7-3501371D1B08}
	EndProjectSection
EndProject
Global
	GlobalSection(SolutionConfigurationPlatforms) = preSolution
		Debug|Win32 = Debug|Win32
		Release|Win32 = Release|Win32
	EndGlobalSection
	GlobalSection(ProjectConfigurationPlatforms) = postSolution
		{E9DB651B-638D-4A34-80DC-6DF92B131AA0}.Debug|Win32.ActiveCfg = Debug|Win32
		{E9DB651B-638D-4A34-80DC-6DF92B131AA0}.Debug|Win32.Build.0 = Debug|Win32
		{E9DB651B-638D-4A34-80DC-6DF92B131AA0}.Release|Win32.ActiveCfg = Release|Win32
		{E9DB651B-638D-4A34-80DC-6DF92B131AA0}.Release|Win32.Build.0 = Release|Win32
		{DC19981D-66B9-41D3-AF9E-22E1DE8860AF}.Debug|Win32.ActiveCfg = Debug|Win32
		{DC19981D-66B9-41D3-AF9E-22E1DE8860AF}.Debug|Win32.Build.0 = Debug|Win32
		{DC19981D-66B9-41D3-AF9E-22E1DE8860AF}.Release|Win32.ActiveCfg = Release|Win32
		{DC19981D-66B9-41D3-AF9E-22E1DE8860AF}.Release|Win32.Build.0 = Release|Win32
		{EE702804-925A-481F-9DB7-3501371D1B08}.Debug|Win32.ActiveCfg = Debug|Win32
		{EE702804-925A-481F-9DB7-3501371D1B08}.Debug|Win32.Build.0 = Debug|Win32
		{EE702804-925A-481F-9DB7-3501371D1B08}.Release|Win32.ActiveCfg = Release|Win32
		{EE702804-925A-481F-9DB7-3501371D1B08}.Release|Win32.Build.0 = Release|Win32
		{18834CB7-E696-4574-9948-AB4BEA07A3A1}.Debug|Win32.ActiveCfg = Debug|Win32
		{18834CB7-E696-4574-9948-AB4BEA07A3A1}.Debug|Win32.Build.0 = Debug|Win32
		{18834CB7-E696-4574-9948-AB4BEA07A3A1}.Release|Win32.ActiveCfg = Release|Win32
		{18834CB7-E696-4574-9948-AB4BEA07A3A1}.Release|Win32.Build.0 = Release|Win32
	EndGlobalSection
	GlobalSection(SolutionProperties) = preSolution
		HideSolutionNode = FALSE
	EndGlobalSection
EndGlobal
